
Microsoft Visual Studio Solution File, Format Version 12.00
# Visual Studio Version 17
VisualStudioVersion = 17.14.36327.8 d17.14
MinimumVisualStudioVersion = 10.0.40219.1
Project("{FAE04EC0-301F-11D3-BF4B-00C04F79EFBC}") = "Factura-Backend", "Factura-Backend.csproj", "{4D7ECDB7-F916-4528-943B-9106B861218F}"
EndProject
Global
	GlobalSection(SolutionConfigurationPlatforms) = preSolution
		Debug|Any CPU = Debug|Any CPU
		Release|Any CPU = Release|Any CPU
	EndGlobalSection
	GlobalSection(ProjectConfigurationPlatforms) = postSolution
		{4D7ECDB7-F916-4528-943B-9106B861218F}.Debug|Any CPU.ActiveCfg = Debug|Any CPU
		{4D7ECDB7-F916-4528-943B-9106B861218F}.Debug|Any CPU.Build.0 = Debug|Any CPU
		{4D7ECDB7-F916-4528-943B-9106B861218F}.Release|Any CPU.ActiveCfg = Release|Any CPU
		{4D7ECDB7-F916-4528-943B-9106B861218F}.Release|Any CPU.Build.0 = Release|Any CPU
	EndGlobalSection
	GlobalSection(SolutionProperties) = preSolution
		HideSolutionNode = FALSE
	EndGlobalSection
	GlobalSection(ExtensibilityGlobals) = postSolution
		SolutionGuid = {FBD8EE1D-3632-43B4-B9B6-018E1D786E31}
	EndGlobalSection
EndGlobal
